github.com/Khan/genqlient v0.6.0 h1:Bwb1170ekuNIVIwTJEqvO8y7RxBxXu639VJOkKSrwAk=
github.com/Khan/genqlient v0.6.0/go.mod h1:rvChwWVTqXhiapdhLDV4bp9tz/Xvtewwkon4DpWWCRM=
github.com/andreyvit/diff v0.0.0-20170406064948-c7f18ee00883 h1:bvNMNQO63//z+xNgfBlViaCIJKLlCJ6/fmUseuG0wVQ=
github.com/cryptvault-cloud/helper v0.0.13 h1:ljdbcM0A83yx02zuqsBc23Vr161j+ni0VdOjwCnRNNA=
github.com/cryptvault-cloud/helper v0.0.13/go.mod h1:HD3igDv0SkcgChPfp5THWFh2jWn/FnabeCa7KR7ewjU=
github.com/davecgh/go-spew v1.1.2-0.20180830191138-d8f796af33cc h1:U9qPSI2PIWSS1VwoXQT9A3Wy9MM3WgvqSxFWenqJduM=
github.com/pmezard/go-difflib v1.0.1-0.20181226105442-5d4384ee4fb2 h1:Jamvg5psRIccs7FGNTlIRMkT8wgtp5eCXdBlqhYGL6U=
github.com/sergi/go-diff v1.3.1 h1:xkr+Oxo4BOQKmkn/B9eMK0g5Kg/983T9DqqPHwYqD+8=
github.com/stretchr/testify v1.9.0 h1:HtqpIVDClZ4nwg75+f6Lvsy/wHu+3BoSGCbBAcpTsTg=
github.com/vektah/gqlparser/v2 v2.5.16 h1:1gcmLTvs3JLKXckwCwlUagVn/IlV2bwqle0vJ0vy5p8=
golang.org/x/crypto v0.25.0 h1:ypSNr+bnYL2YhwoMt2zPxHFmbAN1KZs/njMG3hxUp30=
golang.org/x/sys v0.22.0 h1:RI27ohtqKCnwULzJLqkv897zojh5/DwS/ENaMzUOaWI=
gopkg.in/yaml.v3 v3.0.1 h1:fxVm/GzAzEWqLHuvctI91KS9hhNmmWOoWu0XTYJS7CA=
